// !$*UTF8*$!
{
	archiveVersion = 1;
	classes = {
	};
	objectVersion = 50;
	objects = {

/* Begin PBXBuildFile section */
		85FF6B982577D95800ADC4EE /* AppDelegate.swift in Sources */ = {isa = PBXBuildFile; fileRef = 85FF6B972577D95800ADC4EE /* AppDelegate.swift */; };
		85FF6B9A2577D95800ADC4EE /* ContentView.swift in Sources */ = {isa = PBXBuildFile; fileRef = 85FF6B992577D95800ADC4EE /* ContentView.swift */; };
		85FF6B9C2577D95A00ADC4EE /* Assets.xcassets in Resources */ = {isa = PBXBuildFile; fileRef = 85FF6B9B2577D95A00ADC4EE /* Assets.xcassets */; };
		85FF6B9F2577D95A00ADC4EE /* Preview Assets.xcassets in Resources */ = {isa = PBXBuildFile; fileRef = 85FF6B9E2577D95A00ADC4EE /* Preview Assets.xcassets */; };
		85FF6BA22577D95A00ADC4EE /* Main.storyboard in Resources */ = {isa = PBXBuildFile; fileRef = 85FF6BA02577D95A00ADC4EE /* Main.storyboard */; };
		85FF6BAE2577D95A00ADC4EE /* AcrosticPoemAdminTests.swift in Sources */ = {isa = PBXBuildFile; fileRef = 85FF6BAD2577D95A00ADC4EE /* AcrosticPoemAdminTests.swift */; };
		85FF6BB92577D95A00ADC4EE /* AcrosticPoemAdminUITests.swift in Sources */ = {isa = PBXBuildFile; fileRef = 85FF6BB82577D95A00ADC4EE /* AcrosticPoemAdminUITests.swift */; };
/* End PBXBuildFile section */

/* Begin PBXContainerItemProxy section */
		85FF6BAA2577D95A00ADC4EE /* PBXContainerItemProxy */ = {
			isa = PBXContainerItemProxy;
			containerPortal = 85FF6B8C2577D95800ADC4EE /* Project object */;
			proxyType = 1;
			remoteGlobalIDString = 85FF6B932577D95800ADC4EE;
			remoteInfo = AcrosticPoemAdmin;
		};
		85FF6BB52577D95A00ADC4EE /* PBXContainerItemProxy */ = {
			isa = PBXContainerItemProxy;
			containerPortal = 85FF6B8C2577D95800ADC4EE /* Project object */;
			proxyType = 1;
			remoteGlobalIDString = 85FF6B932577D95800ADC4EE;
			remoteInfo = AcrosticPoemAdmin;
		};
/* End PBXContainerItemProxy section */

/* Begin PBXFileReference section */
		85FF6B942577D95800ADC4EE /* AcrosticPoemAdmin.app */ = {isa = PBXFileReference; explicitFileType = wrapper.application; includeInIndex = 0; path = AcrosticPoemAdmin.app; sourceTree = BUILT_PRODUCTS_DIR; };
		85FF6B972577D95800ADC4EE /* AppDelegate.swift */ = {isa = PBXFileReference; lastKnownFileType = sourcecode.swift; path = AppDelegate.swift; sourceTree = "<group>"; };
		85FF6B992577D95800ADC4EE /* ContentView.swift */ = {isa = PBXFileReference; lastKnownFileType = sourcecode.swift; path = ContentView.swift; sourceTree = "<group>"; };
		85FF6B9B2577D95A00ADC4EE /* Assets.xcassets */ = {isa = PBXFileReference; lastKnownFileType = folder.assetcatalog; path = Assets.xcassets; sourceTree = "<group>"; };
		85FF6B9E2577D95A00ADC4EE /* Preview Assets.xcassets */ = {isa = PBXFileReference; lastKnownFileType = folder.assetcatalog; path = "Preview Assets.xcassets"; sourceTree = "<group>"; };
		85FF6BA12577D95A00ADC4EE /* Base */ = {isa = PBXFileReference; lastKnownFileType = file.storyboard; name = Base; path = Base.lproj/Main.storyboard; sourceTree = "<group>"; };
		85FF6BA32577D95A00ADC4EE /* Info.plist */ = {isa = PBXFileReference; lastKnownFileType = text.plist.xml; path = Info.plist; sourceTree = "<group>"; };
		85FF6BA42577D95A00ADC4EE /* AcrosticPoemAdmin.entitlements */ = {isa = PBXFileReference; lastKnownFileType = text.plist.entitlements; path = AcrosticPoemAdmin.entitlements; sourceTree = "<group>"; };
		85FF6BA92577D95A00ADC4EE /* AcrosticPoemAdminTests.xctest */ = {isa = PBXFileReference; explicitFileType = wrapper.cfbundle; includeInIndex = 0; path = AcrosticPoemAdminTests.xctest; sourceTree = BUILT_PRODUCTS_DIR; };
		85FF6BAD2577D95A00ADC4EE /* AcrosticPoemAdminTests.swift */ = {isa = PBXFileReference; lastKnownFileType = sourcecode.swift; path = AcrosticPoemAdminTests.swift; sourceTree = "<group>"; };
		85FF6BAF2577D95A00ADC4EE /* Info.plist */ = {isa = PBXFileReference; lastKnownFileType = text.plist.xml; path = Info.plist; sourceTree = "<group>"; };
		85FF6BB42577D95A00ADC4EE /* AcrosticPoemAdminUITests.xctest */ = {isa = PBXFileReference; explicitFileType = wrapper.cfbundle; includeInIndex = 0; path = AcrosticPoemAdminUITests.xctest; sourceTree = BUILT_PRODUCTS_DIR; };
		85FF6BB82577D95A00ADC4EE /* AcrosticPoemAdminUITests.swift */ = {isa = PBXFileReference; lastKnownFileType = sourcecode.swift; path = AcrosticPoemAdminUITests.swift; sourceTree = "<group>"; };
		85FF6BBA2577D95A00ADC4EE /* Info.plist */ = {isa = PBXFileReference; lastKnownFileType = text.plist.xml; path = Info.plist; sourceTree = "<group>"; };
/* End PBXFileReference section */

/* Begin PBXFrameworksBuildPhase section */
		85FF6B912577D95800ADC4EE /* Frameworks */ = {
			isa = PBXFrameworksBuildPhase;
			buildActionMask = 2147483647;
			files = (
			);
			runOnlyForDeploymentPostprocessing = 0;
		};
		85FF6BA62577D95A00ADC4EE /* Frameworks */ = {
			isa = PBXFrameworksBuildPhase;
			buildActionMask = 2147483647;
			files = (
			);
			runOnlyForDeploymentPostprocessing = 0;
		};
		85FF6BB12577D95A00ADC4EE /* Frameworks */ = {
			isa = PBXFrameworksBuildPhase;
			buildActionMask = 2147483647;
			files = (
			);
			runOnlyForDeploymentPostprocessing = 0;
		};
/* End PBXFrameworksBuildPhase section */

/* Begin PBXGroup section */
		85FF6B8B2577D95800ADC4EE = {
			isa = PBXGroup;
			children = (
				85FF6B962577D95800ADC4EE /* AcrosticPoemAdmin */,
				85FF6BAC2577D95A00ADC4EE /* AcrosticPoemAdminTests */,
				85FF6BB72577D95A00ADC4EE /* AcrosticPoemAdminUITests */,
				85FF6B952577D95800ADC4EE /* Products */,
			);
			sourceTree = "<group>";
		};
		85FF6B952577D95800ADC4EE /* Products */ = {
			isa = PBXGroup;
			children = (
				85FF6B942577D95800ADC4EE /* AcrosticPoemAdmin.app */,
				85FF6BA92577D95A00ADC4EE /* AcrosticPoemAdminTests.xctest */,
				85FF6BB42577D95A00ADC4EE /* AcrosticPoemAdminUITests.xctest */,
			);
			name = Products;
			sourceTree = "<group>";
		};
		85FF6B962577D95800ADC4EE /* AcrosticPoemAdmin */ = {
			isa = PBXGroup;
			children = (
				85FF6B972577D95800ADC4EE /* AppDelegate.swift */,
				85FF6B992577D95800ADC4EE /* ContentView.swift */,
				85FF6B9B2577D95A00ADC4EE /* Assets.xcassets */,
				85FF6BA02577D95A00ADC4EE /* Main.storyboard */,
				85FF6BA32577D95A00ADC4EE /* Info.plist */,
				85FF6BA42577D95A00ADC4EE /* AcrosticPoemAdmin.entitlements */,
				85FF6B9D2577D95A00ADC4EE /* Preview Content */,
			);
			path = AcrosticPoemAdmin;
			sourceTree = "<group>";
		};
		85FF6B9D2577D95A00ADC4EE /* Preview Content */ = {
			isa = PBXGroup;
			children = (
				85FF6B9E2577D95A00ADC4EE /* Preview Assets.xcassets */,
			);
			path = "Preview Content";
			sourceTree = "<group>";
		};
		85FF6BAC2577D95A00ADC4EE /* AcrosticPoemAdminTests */ = {
			isa = PBXGroup;
			children = (
				85FF6BAD2577D95A00ADC4EE /* AcrosticPoemAdminTests.swift */,
				85FF6BAF2577D95A00ADC4EE /* Info.plist */,
			);
			path = AcrosticPoemAdminTests;
			sourceTree = "<group>";
		};
		85FF6BB72577D95A00ADC4EE /* AcrosticPoemAdminUITests */ = {
			isa = PBXGroup;
			children = (
				85FF6BB82577D95A00ADC4EE /* AcrosticPoemAdminUITests.swift */,
				85FF6BBA2577D95A00ADC4EE /* Info.plist */,
			);
			path = AcrosticPoemAdminUITests;
			sourceTree = "<group>";
		};
/* End PBXGroup section */

/* Begin PBXNativeTarget section */
		85FF6B932577D95800ADC4EE /* AcrosticPoemAdmin */ = {
			isa = PBXNativeTarget;
			buildConfigurationList = 85FF6BBD2577D95A00ADC4EE /* Build configuration list for PBXNativeTarget "AcrosticPoemAdmin" */;
			buildPhases = (
				85FF6B902577D95800ADC4EE /* Sources */,
				85FF6B912577D95800ADC4EE /* Frameworks */,
				85FF6B922577D95800ADC4EE /* Resources */,
			);
			buildRules = (
			);
			dependencies = (
			);
			name = AcrosticPoemAdmin;
			productName = AcrosticPoemAdmin;
			productReference = 85FF6B942577D95800ADC4EE /* AcrosticPoemAdmin.app */;
			productType = "com.apple.product-type.application";
		};
		85FF6BA82577D95A00ADC4EE /* AcrosticPoemAdminTests */ = {
			isa = PBXNativeTarget;
			buildConfigurationList = 85FF6BC02577D95A00ADC4EE /* Build configuration list for PBXNativeTarget "AcrosticPoemAdminTests" */;
			buildPhases = (
				85FF6BA52577D95A00ADC4EE /* Sources */,
				85FF6BA62577D95A00ADC4EE /* Frameworks */,
				85FF6BA72577D95A00ADC4EE /* Resources */,
			);
			buildRules = (
			);
			dependencies = (
				85FF6BAB2577D95A00ADC4EE /* PBXTargetDependency */,
			);
			name = AcrosticPoemAdminTests;
			productName = AcrosticPoemAdminTests;
			productReference = 85FF6BA92577D95A00ADC4EE /* AcrosticPoemAdminTests.xctest */;
			productType = "com.apple.product-type.bundle.unit-test";
		};
		85FF6BB32577D95A00ADC4EE /* AcrosticPoemAdminUITests */ = {
			isa = PBXNativeTarget;
			buildConfigurationList = 85FF6BC32577D95A00ADC4EE /* Build configuration list for PBXNativeTarget "AcrosticPoemAdminUITests" */;
			buildPhases = (
				85FF6BB02577D95A00ADC4EE /* Sources */,
				85FF6BB12577D95A00ADC4EE /* Frameworks */,
				85FF6BB22577D95A00ADC4EE /* Resources */,
			);
			buildRules = (
			);
			dependencies = (
				85FF6BB62577D95A00ADC4EE /* PBXTargetDependency */,
			);
			name = AcrosticPoemAdminUITests;
			productName = AcrosticPoemAdminUITests;
			productReference = 85FF6BB42577D95A00ADC4EE /* AcrosticPoemAdminUITests.xctest */;
			productType = "com.apple.product-type.bundle.ui-testing";
		};
/* End PBXNativeTarget section */

/* Begin PBXProject section */
		85FF6B8C2577D95800ADC4EE /* Project object */ = {
			isa = PBXProject;
			attributes = {
				LastSwiftUpdateCheck = 1200;
				LastUpgradeCheck = 1200;
				TargetAttributes = {
					85FF6B932577D95800ADC4EE = {
						CreatedOnToolsVersion = 12.0.1;
					};
					85FF6BA82577D95A00ADC4EE = {
						CreatedOnToolsVersion = 12.0.1;
						TestTargetID = 85FF6B932577D95800ADC4EE;
					};
					85FF6BB32577D95A00ADC4EE = {
						CreatedOnToolsVersion = 12.0.1;
						TestTargetID = 85FF6B932577D95800ADC4EE;
					};
				};
			};
			buildConfigurationList = 85FF6B8F2577D95800ADC4EE /* Build configuration list for PBXProject "AcrosticPoemAdmin" */;
			compatibilityVersion = "Xcode 9.3";
			developmentRegion = en;
			hasScannedForEncodings = 0;
			knownRegions = (
				en,
				Base,
			);
			mainGroup = 85FF6B8B2577D95800ADC4EE;
			productRefGroup = 85FF6B952577D95800ADC4EE /* Products */;
			projectDirPath = "";
			projectRoot = "";
			targets = (
				85FF6B932577D95800ADC4EE /* AcrosticPoemAdmin */,
				85FF6BA82577D95A00ADC4EE /* AcrosticPoemAdminTests */,
				85FF6BB32577D95A00ADC4EE /* AcrosticPoemAdminUITests */,
			);
		};
/* End PBXProject section */

/* Begin PBXResourcesBuildPhase section */
		85FF6B922577D95800ADC4EE /* Resources */ = {
			isa = PBXResourcesBuildPhase;
			buildActionMask = 2147483647;
			files = (
				85FF6BA22577D95A00ADC4EE /* Main.storyboard in Resources */,
				85FF6B9F2577D95A00ADC4EE /* Preview Assets.xcassets in Resources */,
				85FF6B9C2577D95A00ADC4EE /* Assets.xcassets in Resources */,
			);
			runOnlyForDeploymentPostprocessing = 0;
		};
		85FF6BA72577D95A00ADC4EE /* Resources */ = {
			isa = PBXResourcesBuildPhase;
			buildActionMask = 2147483647;
			files = (
			);
			runOnlyForDeploymentPostprocessing = 0;
		};
		85FF6BB22577D95A00ADC4EE /* Resources */ = {
			isa = PBXResourcesBuildPhase;
			buildActionMask = 2147483647;
			files = (
			);
			runOnlyForDeploymentPostprocessing = 0;
		};
/* End PBXResourcesBuildPhase section */

/* Begin PBXSourcesBuildPhase section */
		85FF6B902577D95800ADC4EE /* Sources */ = {
			isa = PBXSourcesBuildPhase;
			buildActionMask = 2147483647;
			files = (
				85FF6B9A2577D95800ADC4EE /* ContentView.swift in Sources */,
				85FF6B982577D95800ADC4EE /* AppDelegate.swift in Sources */,
			);
			runOnlyForDeploymentPostprocessing = 0;
		};
		85FF6BA52577D95A00ADC4EE /* Sources */ = {
			isa = PBXSourcesBuildPhase;
			buildActionMask = 2147483647;
			files = (
				85FF6BAE2577D95A00ADC4EE /* AcrosticPoemAdminTests.swift in Sources */,
			);
			runOnlyForDeploymentPostprocessing = 0;
		};
		85FF6BB02577D95A00ADC4EE /* Sources */ = {
			isa = PBXSourcesBuildPhase;
			buildActionMask = 2147483647;
			files = (
				85FF6BB92577D95A00ADC4EE /* AcrosticPoemAdminUITests.swift in Sources */,
			);
			runOnlyForDeploymentPostprocessing = 0;
		};
/* End PBXSourcesBuildPhase section */

/* Begin PBXTargetDependency section */
		85FF6BAB2577D95A00ADC4EE /* PBXTargetDependency */ = {
			isa = PBXTargetDependency;
			target = 85FF6B932577D95800ADC4EE /* AcrosticPoemAdmin */;
			targetProxy = 85FF6BAA2577D95A00ADC4EE /* PBXContainerItemProxy */;
		};
		85FF6BB62577D95A00ADC4EE /* PBXTargetDependency */ = {
			isa = PBXTargetDependency;
			target = 85FF6B932577D95800ADC4EE /* AcrosticPoemAdmin */;
			targetProxy = 85FF6BB52577D95A00ADC4EE /* PBXContainerItemProxy */;
		};
/* End PBXTargetDependency section */

/* Begin PBXVariantGroup section */
		85FF6BA02577D95A00ADC4EE /* Main.storyboard */ = {
			isa = PBXVariantGroup;
			children = (
				85FF6BA12577D95A00ADC4EE /* Base */,
			);
			name = Main.storyboard;
			sourceTree = "<group>";
		};
/* End PBXVariantGroup section */

/* Begin XCBuildConfiguration section */
		85FF6BBB2577D95A00ADC4EE /* Debug */ = {
			isa = XCBuildConfiguration;
			buildSettings = {
				ALWAYS_SEARCH_USER_PATHS = NO;
				CLANG_ANALYZER_NONNULL = YES;
				CLANG_ANALYZER_NUMBER_OBJECT_CONVERSION = YES_AGGRESSIVE;
				CLANG_CXX_LANGUAGE_STANDARD = "gnu++14";
				CLANG_CXX_LIBRARY = "libc++";
				CLANG_ENABLE_MODULES = YES;
				CLANG_ENABLE_OBJC_ARC = YES;
				CLANG_ENABLE_OBJC_WEAK = YES;
				CLANG_WARN_BLOCK_CAPTURE_AUTORELEASING = YES;
				CLANG_WARN_BOOL_CONVERSION = YES;
				CLANG_WARN_COMMA = YES;
				CLANG_WARN_CONSTANT_CONVERSION = YES;
				CLANG_WARN_DEPRECATED_OBJC_IMPLEMENTATIONS = YES;
				CLANG_WARN_DIRECT_OBJC_ISA_USAGE = YES_ERROR;
				CLANG_WARN_DOCUMENTATION_COMMENTS = YES;
				CLANG_WARN_EMPTY_BODY = YES;
				CLANG_WARN_ENUM_CONVERSION = YES;
				CLANG_WARN_INFINITE_RECURSION = YES;
				CLANG_WARN_INT_CONVERSION = YES;
				CLANG_WARN_NON_LITERAL_NULL_CONVERSION = YES;
				CLANG_WARN_OBJC_IMPLICIT_RETAIN_SELF = YES;
				CLANG_WARN_OBJC_LITERAL_CONVERSION = YES;
				CLANG_WARN_OBJC_ROOT_CLASS = YES_ERROR;
				CLANG_WARN_QUOTED_INCLUDE_IN_FRAMEWORK_HEADER = YES;
				CLANG_WARN_RANGE_LOOP_ANALYSIS = YES;
				CLANG_WARN_STRICT_PROTOTYPES = YES;
				CLANG_WARN_SUSPICIOUS_MOVE = YES;
				CLANG_WARN_UNGUARDED_AVAILABILITY = YES_AGGRESSIVE;
				CLANG_WARN_UNREACHABLE_CODE = YES;
				CLANG_WARN__DUPLICATE_METHOD_MATCH = YES;
				COPY_PHASE_STRIP = NO;
				DEBUG_INFORMATION_FORMAT = dwarf;
				ENABLE_STRICT_OBJC_MSGSEND = YES;
				ENABLE_TESTABILITY = YES;
				GCC_C_LANGUAGE_STANDARD = gnu11;
				GCC_DYNAMIC_NO_PIC = NO;
				GCC_NO_COMMON_BLOCKS = YES;
				GCC_OPTIMIZATION_LEVEL = 0;
				GCC_PREPROCESSOR_DEFINITIONS = (
					"DEBUG=1",
					"$(inherited)",
				);
				GCC_WARN_64_TO_32_BIT_CONVERSION = YES;
				GCC_WARN_ABOUT_RETURN_TYPE = YES_ERROR;
				GCC_WARN_UNDECLARED_SELECTOR = YES;
				GCC_WARN_UNINITIALIZED_AUTOS = YES_AGGRESSIVE;
				GCC_WARN_UNUSED_FUNCTION = YES;
				GCC_WARN_UNUSED_VARIABLE = YES;
				MACOSX_DEPLOYMENT_TARGET = 10.15;
				MTL_ENABLE_DEBUG_INFO = INCLUDE_SOURCE;
				MTL_FAST_MATH = YES;
				ONLY_ACTIVE_ARCH = YES;
				SDKROOT = macosx;
				SWIFT_ACTIVE_COMPILATION_CONDITIONS = DEBUG;
				SWIFT_OPTIMIZATION_LEVEL = "-Onone";
			};
			name = Debug;
		};
		85FF6BBC2577D95A00ADC4EE /* Release */ = {
			isa = XCBuildConfiguration;
			buildSettings = {
				ALWAYS_SEARCH_USER_PATHS = NO;
				CLANG_ANALYZER_NONNULL = YES;
				CLANG_ANALYZER_NUMBER_OBJECT_CONVERSION = YES_AGGRESSIVE;
				CLANG_CXX_LANGUAGE_STANDARD = "gnu++14";
				CLANG_CXX_LIBRARY = "libc++";
				CLANG_ENABLE_MODULES = YES;
				CLANG_ENABLE_OBJC_ARC = YES;
				CLANG_ENABLE_OBJC_WEAK = YES;
				CLANG_WARN_BLOCK_CAPTURE_AUTORELEASING = YES;
				CLANG_WARN_BOOL_CONVERSION = YES;
				CLANG_WARN_COMMA = YES;
				CLANG_WARN_CONSTANT_CONVERSION = YES;
				CLANG_WARN_DEPRECATED_OBJC_IMPLEMENTATIONS = YES;
				CLANG_WARN_DIRECT_OBJC_ISA_USAGE = YES_ERROR;
				CLANG_WARN_DOCUMENTATION_COMMENTS = YES;
				CLANG_WARN_EMPTY_BODY = YES;
				CLANG_WARN_ENUM_CONVERSION = YES;
				CLANG_WARN_INFINITE_RECURSION = YES;
				CLANG_WARN_INT_CONVERSION = YES;
				CLANG_WARN_NON_LITERAL_NULL_CONVERSION = YES;
				CLANG_WARN_OBJC_IMPLICIT_RETAIN_SELF = YES;
				CLANG_WARN_OBJC_LITERAL_CONVERSION = YES;
				CLANG_WARN_OBJC_ROOT_CLASS = YES_ERROR;
				CLANG_WARN_QUOTED_INCLUDE_IN_FRAMEWORK_HEADER = YES;
				CLANG_WARN_RANGE_LOOP_ANALYSIS = YES;
				CLANG_WARN_STRICT_PROTOTYPES = YES;
				CLANG_WARN_SUSPICIOUS_MOVE = YES;
				CLANG_WARN_UNGUARDED_AVAILABILITY = YES_AGGRESSIVE;
				CLANG_WARN_UNREACHABLE_CODE = YES;
				CLANG_WARN__DUPLICATE_METHOD_MATCH = YES;
				COPY_PHASE_STRIP = NO;
				DEBUG_INFORMATION_FORMAT = "dwarf-with-dsym";
				ENABLE_NS_ASSERTIONS = NO;
				ENABLE_STRICT_OBJC_MSGSEND = YES;
				GCC_C_LANGUAGE_STANDARD = gnu11;
				GCC_NO_COMMON_BLOCKS = YES;
				GCC_WARN_64_TO_32_BIT_CONVERSION = YES;
				GCC_WARN_ABOUT_RETURN_TYPE = YES_ERROR;
				GCC_WARN_UNDECLARED_SELECTOR = YES;
				GCC_WARN_UNINITIALIZED_AUTOS = YES_AGGRESSIVE;
				GCC_WARN_UNUSED_FUNCTION = YES;
				GCC_WARN_UNUSED_VARIABLE = YES;
				MACOSX_DEPLOYMENT_TARGET = 10.15;
				MTL_ENABLE_DEBUG_INFO = NO;
				MTL_FAST_MATH = YES;
				SDKROOT = macosx;
				SWIFT_COMPILATION_MODE = wholemodule;
				SWIFT_OPTIMIZATION_LEVEL = "-O";
			};
			name = Release;
		};
		85FF6BBE2577D95A00ADC4EE /* Debug */ = {
			isa = XCBuildConfiguration;
			buildSettings = {
				ASSETCATALOG_COMPILER_APPICON_NAME = AppIcon;
				ASSETCATALOG_COMPILER_GLOBAL_ACCENT_COLOR_NAME = AccentColor;
				CODE_SIGN_ENTITLEMENTS = AcrosticPoemAdmin/AcrosticPoemAdmin.entitlements;
				CODE_SIGN_STYLE = Automatic;
				COMBINE_HIDPI_IMAGES = YES;
				DEVELOPMENT_ASSET_PATHS = "\"AcrosticPoemAdmin/Preview Content\"";
				DEVELOPMENT_TEAM = BZSC89933R;
				ENABLE_HARDENED_RUNTIME = YES;
				ENABLE_PREVIEWS = YES;
				INFOPLIST_FILE = AcrosticPoemAdmin/Info.plist;
				LD_RUNPATH_SEARCH_PATHS = (
					"$(inherited)",
					"@executable_path/../Frameworks",
				);
				MACOSX_DEPLOYMENT_TARGET = 10.15;
				PRODUCT_BUNDLE_IDENTIFIER = com.minestrone.AcrosticPoemAdmin;
				PRODUCT_NAME = "$(TARGET_NAME)";
				SWIFT_VERSION = 5.0;
			};
			name = Debug;
		};
		85FF6BBF2577D95A00ADC4EE /* Release */ = {
			isa = XCBuildConfiguration;
			buildSettings = {
				ASSETCATALOG_COMPILER_APPICON_NAME = AppIcon;
				ASSETCATALOG_COMPILER_GLOBAL_ACCENT_COLOR_NAME = AccentColor;
				CODE_SIGN_ENTITLEMENTS = AcrosticPoemAdmin/AcrosticPoemAdmin.entitlements;
				CODE_SIGN_STYLE = Automatic;
				COMBINE_HIDPI_IMAGES = YES;
				DEVELOPMENT_ASSET_PATHS = "\"AcrosticPoemAdmin/Preview Content\"";
				DEVELOPMENT_TEAM = BZSC89933R;
				ENABLE_HARDENED_RUNTIME = YES;
				ENABLE_PREVIEWS = YES;
				INFOPLIST_FILE = AcrosticPoemAdmin/Info.plist;
				LD_RUNPATH_SEARCH_PATHS = (
					"$(inherited)",
					"@executable_path/../Frameworks",
				);
				MACOSX_DEPLOYMENT_TARGET = 10.15;
				PRODUCT_BUNDLE_IDENTIFIER = com.minestrone.AcrosticPoemAdmin;
				PRODUCT_NAME = "$(TARGET_NAME)";
				SWIFT_VERSION = 5.0;
			};
			name = Release;
		};
		85FF6BC12577D95A00ADC4EE /* Debug */ = {
			isa = XCBuildConfiguration;
			buildSettings = {
				ALWAYS_EMBED_SWIFT_STANDARD_LIBRARIES = YES;
				BUNDLE_LOADER = "$(TEST_HOST)";
				CODE_SIGN_STYLE = Automatic;
				COMBINE_HIDPI_IMAGES = YES;
				DEVELOPMENT_TEAM = BZSC89933R;
				INFOPLIST_FILE = AcrosticPoemAdminTests/Info.plist;
				LD_RUNPATH_SEARCH_PATHS = (
					"$(inherited)",
					"@executable_path/../Frameworks",
					"@loader_path/../Frameworks",
				);
				MACOSX_DEPLOYMENT_TARGET = 10.15;
				PRODUCT_BUNDLE_IDENTIFIER = com.minestrone.AcrosticPoemAdminTests;
				PRODUCT_NAME = "$(TARGET_NAME)";
				SWIFT_VERSION = 5.0;
				TEST_HOST = "$(BUILT_PRODUCTS_DIR)/AcrosticPoemAdmin.app/Contents/MacOS/AcrosticPoemAdmin";
			};
			name = Debug;
		};
		85FF6BC22577D95A00ADC4EE /* Release */ = {
			isa = XCBuildConfiguration;
			buildSettings = {
				ALWAYS_EMBED_SWIFT_STANDARD_LIBRARIES = YES;
				BUNDLE_LOADER = "$(TEST_HOST)";
				CODE_SIGN_STYLE = Automatic;
				COMBINE_HIDPI_IMAGES = YES;
				DEVELOPMENT_TEAM = BZSC89933R;
				INFOPLIST_FILE = AcrosticPoemAdminTests/Info.plist;
				LD_RUNPATH_SEARCH_PATHS = (
					"$(inherited)",
					"@executable_path/../Frameworks",
					"@loader_path/../Frameworks",
				);
				MACOSX_DEPLOYMENT_TARGET = 10.15;
				PRODUCT_BUNDLE_IDENTIFIER = com.minestrone.AcrosticPoemAdminTests;
				PRODUCT_NAME = "$(TARGET_NAME)";
				SWIFT_VERSION = 5.0;
				TEST_HOST = "$(BUILT_PRODUCTS_DIR)/AcrosticPoemAdmin.app/Contents/MacOS/AcrosticPoemAdmin";
			};
			name = Release;
		};
		85FF6BC42577D95A00ADC4EE /* Debug */ = {
			isa = XCBuildConfiguration;
			buildSettings = {
				ALWAYS_EMBED_SWIFT_STANDARD_LIBRARIES = YES;
				CODE_SIGN_STYLE = Automatic;
				COMBINE_HIDPI_IMAGES = YES;
				DEVELOPMENT_TEAM = BZSC89933R;
				INFOPLIST_FILE = AcrosticPoemAdminUITests/Info.plist;
				LD_RUNPATH_SEARCH_PATHS = (
					"$(inherited)",
					"@executable_path/../Frameworks",
					"@loader_path/../Frameworks",
				);
				PRODUCT_BUNDLE_IDENTIFIER = com.minestrone.AcrosticPoemAdminUITests;
				PRODUCT_NAME = "$(TARGET_NAME)";
				SWIFT_VERSION = 5.0;
				TEST_TARGET_NAME = AcrosticPoemAdmin;
			};
			name = Debug;
		};
		85FF6BC52577D95A00ADC4EE /* Release */ = {
			isa = XCBuildConfiguration;
			buildSettings = {
				ALWAYS_EMBED_SWIFT_STANDARD_LIBRARIES = YES;
				CODE_SIGN_STYLE = Automatic;
				COMBINE_HIDPI_IMAGES = YES;
				DEVELOPMENT_TEAM = BZSC89933R;
				INFOPLIST_FILE = AcrosticPoemAdminUITests/Info.plist;
				LD_RUNPATH_SEARCH_PATHS = (
					"$(inherited)",
					"@executable_path/../Frameworks",
					"@loader_path/../Frameworks",
				);
				PRODUCT_BUNDLE_IDENTIFIER = com.minestrone.AcrosticPoemAdminUITests;
				PRODUCT_NAME = "$(TARGET_NAME)";
				SWIFT_VERSION = 5.0;
				TEST_TARGET_NAME = AcrosticPoemAdmin;
			};
			name = Release;
		};
/* End XCBuildConfiguration section */

/* Begin XCConfigurationList section */
		85FF6B8F2577D95800ADC4EE /* Build configuration list for PBXProject "AcrosticPoemAdmin" */ = {
			isa = XCConfigurationList;
			buildConfigurations = (
				85FF6BBB2577D95A00ADC4EE /* Debug */,
				85FF6BBC2577D95A00ADC4EE /* Release */,
			);
			defaultConfigurationIsVisible = 0;
			defaultConfigurationName = Release;
		};
		85FF6BBD2577D95A00ADC4EE /* Build configuration list for PBXNativeTarget "AcrosticPoemAdmin" */ = {
			isa = XCConfigurationList;
			buildConfigurations = (
				85FF6BBE2577D95A00ADC4EE /* Debug */,
				85FF6BBF2577D95A00ADC4EE /* Release */,
			);
			defaultConfigurationIsVisible = 0;
			defaultConfigurationName = Release;
		};
		85FF6BC02577D95A00ADC4EE /* Build configuration list for PBXNativeTarget "AcrosticPoemAdminTests" */ = {
			isa = XCConfigurationList;
			buildConfigurations = (
				85FF6BC12577D95A00ADC4EE /* Debug */,
				85FF6BC22577D95A00ADC4EE /* Release */,
			);
			defaultConfigurationIsVisible = 0;
			defaultConfigurationName = Release;
		};
		85FF6BC32577D95A00ADC4EE /* Build configuration list for PBXNativeTarget "AcrosticPoemAdminUITests" */ = {
			isa = XCConfigurationList;
			buildConfigurations = (
				85FF6BC42577D95A00ADC4EE /* Debug */,
				85FF6BC52577D95A00ADC4EE /* Release */,
			);
			defaultConfigurationIsVisible = 0;
			defaultConfigurationName = Release;
		};
/* End XCConfigurationList section */
	};
	rootObject = 85FF6B8C2577D95800ADC4EE /* Project object */;
}
