// !$*UTF8*$!
{
	archiveVersion = 1;
	classes = {
	};
	objectVersion = 51;
	objects = {

/* Begin PBXBuildFile section */
		2F2071FF251488AD009B48FF /* ImageConvert.swift in Sources */ = {isa = PBXBuildFile; fileRef = 2F2071FE251488AD009B48FF /* ImageConvert.swift */; };
		2F5C965023714CA500A248C1 /* AppDelegate.swift in Sources */ = {isa = PBXBuildFile; fileRef = 2F5C964F23714CA500A248C1 /* AppDelegate.swift */; };
		2F5C965223714CA500A248C1 /* SceneDelegate.swift in Sources */ = {isa = PBXBuildFile; fileRef = 2F5C965123714CA500A248C1 /* SceneDelegate.swift */; };
		2F5C965923714CAA00A248C1 /* Assets.xcassets in Resources */ = {isa = PBXBuildFile; fileRef = 2F5C965823714CAA00A248C1 /* Assets.xcassets */; };
		2F5C965C23714CAA00A248C1 /* LaunchScreen.storyboard in Resources */ = {isa = PBXBuildFile; fileRef = 2F5C965A23714CAA00A248C1 /* LaunchScreen.storyboard */; };
		2F5C96642371775800A248C1 /* CornerView.swift in Sources */ = {isa = PBXBuildFile; fileRef = 2F5C96632371775800A248C1 /* CornerView.swift */; };
		2F875A6C2428601E00691273 /* Pods_AcrosticPoem_ios.framework in Frameworks */ = {isa = PBXBuildFile; fileRef = 15E9C15D80C3F95C3EDB1D6B /* Pods_AcrosticPoem_ios.framework */; };
		2FB0D5DA250E5F4F0087D8AE /* NetworkService.swift in Sources */ = {isa = PBXBuildFile; fileRef = 2FB0D5D9250E5F4E0087D8AE /* NetworkService.swift */; };
		2FEC8109239F724D006F110A /* gungseo.ttf in Resources */ = {isa = PBXBuildFile; fileRef = 2FEC8107239F724D006F110A /* gungseo.ttf */; };
		2FEC810A239F724D006F110A /* sm.ttf in Resources */ = {isa = PBXBuildFile; fileRef = 2FEC8108239F724D006F110A /* sm.ttf */; };
		2FEC811B23A07808006F110A /* InfoPlist.strings in Resources */ = {isa = PBXBuildFile; fileRef = 2FEC811A23A07808006F110A /* InfoPlist.strings */; };
		2FEFF07B25146A7C00AB7DD8 /* LabelTextSpacing.swift in Sources */ = {isa = PBXBuildFile; fileRef = 2FEFF07A25146A7C00AB7DD8 /* LabelTextSpacing.swift */; };
		2FF6730125124F350043BABC /* AddViewController.swift in Sources */ = {isa = PBXBuildFile; fileRef = 2FF6730025124F350043BABC /* AddViewController.swift */; };
		852ED1B925715CC300697512 /* PoemActionModel.swift in Sources */ = {isa = PBXBuildFile; fileRef = 852ED1B825715CC300697512 /* PoemActionModel.swift */; };
		85316BEE2572839600694B80 /* PoemAddView.swift in Sources */ = {isa = PBXBuildFile; fileRef = 85316BED2572839600694B80 /* PoemAddView.swift */; };
		85316BF125728E6800694B80 /* PoemAddViewModel.swift in Sources */ = {isa = PBXBuildFile; fileRef = 85316BF025728E6800694B80 /* PoemAddViewModel.swift */; };
		85316BF525731E9800694B80 /* UITextField+Extension.swift in Sources */ = {isa = PBXBuildFile; fileRef = 85316BF425731E9800694B80 /* UITextField+Extension.swift */; };
		8576BF1E256FCDA3001AFB2A /* UserService.swift in Sources */ = {isa = PBXBuildFile; fileRef = 8576BF1D256FCDA3001AFB2A /* UserService.swift */; };
		8576BF25256FD060001AFB2A /* SplashViewModel.swift in Sources */ = {isa = PBXBuildFile; fileRef = 8576BF24256FD060001AFB2A /* SplashViewModel.swift */; };
		8576BF28256FD3B5001AFB2A /* SplashView.swift in Sources */ = {isa = PBXBuildFile; fileRef = 8576BF27256FD3B5001AFB2A /* SplashView.swift */; };
		8576BF2B256FD7A2001AFB2A /* AlertUtil.swift in Sources */ = {isa = PBXBuildFile; fileRef = 8576BF2A256FD7A2001AFB2A /* AlertUtil.swift */; };
		8576BF2E256FD949001AFB2A /* Constant.swift in Sources */ = {isa = PBXBuildFile; fileRef = 8576BF2D256FD949001AFB2A /* Constant.swift */; };
		8576BF3325712D9C001AFB2A /* PoemCell.swift in Sources */ = {isa = PBXBuildFile; fileRef = 8576BF3225712D9C001AFB2A /* PoemCell.swift */; };
		85D1FB2D256549FF0005E7A1 /* API.swift in Sources */ = {isa = PBXBuildFile; fileRef = 85D1FB2C256549FF0005E7A1 /* API.swift */; };
		85D1FB3025654A9A0005E7A1 /* PoemModel.swift in Sources */ = {isa = PBXBuildFile; fileRef = 85D1FB2F25654A9A0005E7A1 /* PoemModel.swift */; };
		85D1FB36256D2DAC0005E7A1 /* PoemService.swift in Sources */ = {isa = PBXBuildFile; fileRef = 85D1FB35256D2DAC0005E7A1 /* PoemService.swift */; };
		85D1FB39256D2DDD0005E7A1 /* APIService.swift in Sources */ = {isa = PBXBuildFile; fileRef = 85D1FB38256D2DDD0005E7A1 /* APIService.swift */; };
		85D1FB3C256D30540005E7A1 /* PoemView.swift in Sources */ = {isa = PBXBuildFile; fileRef = 85D1FB3B256D30540005E7A1 /* PoemView.swift */; };
		85D1FB3F256D319F0005E7A1 /* UICollectionView+Extension.swift in Sources */ = {isa = PBXBuildFile; fileRef = 85D1FB3E256D319F0005E7A1 /* UICollectionView+Extension.swift */; };
		85D1FB42256D49960005E7A1 /* PoemViewModel.swift in Sources */ = {isa = PBXBuildFile; fileRef = 85D1FB41256D49960005E7A1 /* PoemViewModel.swift */; };
/* End PBXBuildFile section */

/* Begin PBXFileReference section */
		15E9C15D80C3F95C3EDB1D6B /* Pods_AcrosticPoem_ios.framework */ = {isa = PBXFileReference; explicitFileType = wrapper.framework; includeInIndex = 0; path = Pods_AcrosticPoem_ios.framework; sourceTree = BUILT_PRODUCTS_DIR; };
		253D7F72AECCB5A0DE6F16C0 /* Pods-AcrosticPoem_ios.release.xcconfig */ = {isa = PBXFileReference; includeInIndex = 1; lastKnownFileType = text.xcconfig; name = "Pods-AcrosticPoem_ios.release.xcconfig"; path = "Target Support Files/Pods-AcrosticPoem_ios/Pods-AcrosticPoem_ios.release.xcconfig"; sourceTree = "<group>"; };
		2F2071FE251488AD009B48FF /* ImageConvert.swift */ = {isa = PBXFileReference; lastKnownFileType = sourcecode.swift; path = ImageConvert.swift; sourceTree = "<group>"; };
		2F5C964C23714CA500A248C1 /* AcrosticPoem_ios.app */ = {isa = PBXFileReference; explicitFileType = wrapper.application; includeInIndex = 0; path = AcrosticPoem_ios.app; sourceTree = BUILT_PRODUCTS_DIR; };
		2F5C964F23714CA500A248C1 /* AppDelegate.swift */ = {isa = PBXFileReference; lastKnownFileType = sourcecode.swift; path = AppDelegate.swift; sourceTree = "<group>"; };
		2F5C965123714CA500A248C1 /* SceneDelegate.swift */ = {isa = PBXFileReference; lastKnownFileType = sourcecode.swift; path = SceneDelegate.swift; sourceTree = "<group>"; };
		2F5C965823714CAA00A248C1 /* Assets.xcassets */ = {isa = PBXFileReference; lastKnownFileType = folder.assetcatalog; path = Assets.xcassets; sourceTree = "<group>"; };
		2F5C965B23714CAA00A248C1 /* Base */ = {isa = PBXFileReference; lastKnownFileType = file.storyboard; name = Base; path = Base.lproj/LaunchScreen.storyboard; sourceTree = "<group>"; };
		2F5C965D23714CAA00A248C1 /* Info.plist */ = {isa = PBXFileReference; lastKnownFileType = text.plist.xml; path = Info.plist; sourceTree = "<group>"; };
		2F5C96632371775800A248C1 /* CornerView.swift */ = {isa = PBXFileReference; lastKnownFileType = sourcecode.swift; path = CornerView.swift; sourceTree = "<group>"; };
		2F828D462394F2FF007E743E /* ko */ = {isa = PBXFileReference; lastKnownFileType = text.plist.strings; name = ko; path = ko.lproj/LaunchScreen.strings; sourceTree = "<group>"; };
		2FB0D5D9250E5F4E0087D8AE /* NetworkService.swift */ = {isa = PBXFileReference; lastKnownFileType = sourcecode.swift; path = NetworkService.swift; sourceTree = "<group>"; };
		2FEC8107239F724D006F110A /* gungseo.ttf */ = {isa = PBXFileReference; lastKnownFileType = file; path = gungseo.ttf; sourceTree = "<group>"; };
		2FEC8108239F724D006F110A /* sm.ttf */ = {isa = PBXFileReference; lastKnownFileType = file; path = sm.ttf; sourceTree = "<group>"; };
		2FEC811A23A07808006F110A /* InfoPlist.strings */ = {isa = PBXFileReference; lastKnownFileType = text.plist.strings; path = InfoPlist.strings; sourceTree = SOURCE_ROOT; };
		2FEFF07A25146A7C00AB7DD8 /* LabelTextSpacing.swift */ = {isa = PBXFileReference; lastKnownFileType = sourcecode.swift; path = LabelTextSpacing.swift; sourceTree = "<group>"; };
		2FF6730025124F350043BABC /* AddViewController.swift */ = {isa = PBXFileReference; lastKnownFileType = sourcecode.swift; path = AddViewController.swift; sourceTree = "<group>"; };
		852ED1B825715CC300697512 /* PoemActionModel.swift */ = {isa = PBXFileReference; lastKnownFileType = sourcecode.swift; path = PoemActionModel.swift; sourceTree = "<group>"; };
		85316BED2572839600694B80 /* PoemAddView.swift */ = {isa = PBXFileReference; lastKnownFileType = sourcecode.swift; path = PoemAddView.swift; sourceTree = "<group>"; };
		85316BF025728E6800694B80 /* PoemAddViewModel.swift */ = {isa = PBXFileReference; lastKnownFileType = sourcecode.swift; path = PoemAddViewModel.swift; sourceTree = "<group>"; };
		85316BF425731E9800694B80 /* UITextField+Extension.swift */ = {isa = PBXFileReference; lastKnownFileType = sourcecode.swift; path = "UITextField+Extension.swift"; sourceTree = "<group>"; };
		8576BF1D256FCDA3001AFB2A /* UserService.swift */ = {isa = PBXFileReference; lastKnownFileType = sourcecode.swift; path = UserService.swift; sourceTree = "<group>"; };
		8576BF24256FD060001AFB2A /* SplashViewModel.swift */ = {isa = PBXFileReference; lastKnownFileType = sourcecode.swift; path = SplashViewModel.swift; sourceTree = "<group>"; };
		8576BF27256FD3B5001AFB2A /* SplashView.swift */ = {isa = PBXFileReference; lastKnownFileType = sourcecode.swift; path = SplashView.swift; sourceTree = "<group>"; };
		8576BF2A256FD7A2001AFB2A /* AlertUtil.swift */ = {isa = PBXFileReference; lastKnownFileType = sourcecode.swift; path = AlertUtil.swift; sourceTree = "<group>"; };
		8576BF2D256FD949001AFB2A /* Constant.swift */ = {isa = PBXFileReference; lastKnownFileType = sourcecode.swift; path = Constant.swift; sourceTree = "<group>"; };
		8576BF3225712D9C001AFB2A /* PoemCell.swift */ = {isa = PBXFileReference; lastKnownFileType = sourcecode.swift; path = PoemCell.swift; sourceTree = "<group>"; };
		85D1FB2C256549FF0005E7A1 /* API.swift */ = {isa = PBXFileReference; lastKnownFileType = sourcecode.swift; path = API.swift; sourceTree = "<group>"; };
		85D1FB2F25654A9A0005E7A1 /* PoemModel.swift */ = {isa = PBXFileReference; lastKnownFileType = sourcecode.swift; path = PoemModel.swift; sourceTree = "<group>"; };
		85D1FB35256D2DAC0005E7A1 /* PoemService.swift */ = {isa = PBXFileReference; lastKnownFileType = sourcecode.swift; path = PoemService.swift; sourceTree = "<group>"; };
		85D1FB38256D2DDD0005E7A1 /* APIService.swift */ = {isa = PBXFileReference; lastKnownFileType = sourcecode.swift; path = APIService.swift; sourceTree = "<group>"; };
		85D1FB3B256D30540005E7A1 /* PoemView.swift */ = {isa = PBXFileReference; lastKnownFileType = sourcecode.swift; path = PoemView.swift; sourceTree = "<group>"; };
		85D1FB3E256D319F0005E7A1 /* UICollectionView+Extension.swift */ = {isa = PBXFileReference; lastKnownFileType = sourcecode.swift; path = "UICollectionView+Extension.swift"; sourceTree = "<group>"; };
		85D1FB41256D49960005E7A1 /* PoemViewModel.swift */ = {isa = PBXFileReference; lastKnownFileType = sourcecode.swift; path = PoemViewModel.swift; sourceTree = "<group>"; };
		C6AAD7468D29BB4951E9952B /* Pods-AcrosticPoem_ios.debug.xcconfig */ = {isa = PBXFileReference; includeInIndex = 1; lastKnownFileType = text.xcconfig; name = "Pods-AcrosticPoem_ios.debug.xcconfig"; path = "Target Support Files/Pods-AcrosticPoem_ios/Pods-AcrosticPoem_ios.debug.xcconfig"; sourceTree = "<group>"; };
/* End PBXFileReference section */

/* Begin PBXFrameworksBuildPhase section */
		2F5C964923714CA500A248C1 /* Frameworks */ = {
			isa = PBXFrameworksBuildPhase;
			buildActionMask = 2147483647;
			files = (
				2F875A6C2428601E00691273 /* Pods_AcrosticPoem_ios.framework in Frameworks */,
			);
			runOnlyForDeploymentPostprocessing = 0;
		};
/* End PBXFrameworksBuildPhase section */

/* Begin PBXGroup section */
		2F5C964323714CA500A248C1 = {
			isa = PBXGroup;
			children = (
				2F5C964E23714CA500A248C1 /* AcrosticPoem_ios */,
				2F5C964D23714CA500A248C1 /* Products */,
				5195FC6FD03FBDFF0296B64F /* Pods */,
				C2D1468C1650BA55448DB746 /* Frameworks */,
			);
			sourceTree = "<group>";
		};
		2F5C964D23714CA500A248C1 /* Products */ = {
			isa = PBXGroup;
			children = (
				2F5C964C23714CA500A248C1 /* AcrosticPoem_ios.app */,
			);
			name = Products;
			sourceTree = "<group>";
		};
		2F5C964E23714CA500A248C1 /* AcrosticPoem_ios */ = {
			isa = PBXGroup;
			children = (
				2FA60E322375027F006A2445 /* Fonts */,
				2FEFF07F25146ADB00AB7DD8 /* CustomCell */,
				2FEFF07D25146ABE00AB7DD8 /* ViewControllers */,
				2F5C965823714CAA00A248C1 /* Assets.xcassets */,
				2F5C965A23714CAA00A248C1 /* LaunchScreen.storyboard */,
				2F5C965D23714CAA00A248C1 /* Info.plist */,
				2FEC811A23A07808006F110A /* InfoPlist.strings */,
				2FB0D5DB250E5F560087D8AE /* Services */,
				2FEFF08025146C9C00AB7DD8 /* Delegates */,
				2FEFF07C25146A9900AB7DD8 /* Extensions */,
				852ED1B225715B4F00697512 /* View */,
				852ED1B425715B8E00697512 /* Model */,
				852ED1B025715B4200697512 /* ViewModel */,
			);
			path = AcrosticPoem_ios;
			sourceTree = "<group>";
		};
		2FA60E322375027F006A2445 /* Fonts */ = {
			isa = PBXGroup;
			children = (
				2FEC8107239F724D006F110A /* gungseo.ttf */,
				2FEC8108239F724D006F110A /* sm.ttf */,
			);
			path = Fonts;
			sourceTree = "<group>";
		};
		2FB0D5DB250E5F560087D8AE /* Services */ = {
			isa = PBXGroup;
			children = (
				2FB0D5D9250E5F4E0087D8AE /* NetworkService.swift */,
				85D1FB35256D2DAC0005E7A1 /* PoemService.swift */,
				85D1FB2C256549FF0005E7A1 /* API.swift */,
				85D1FB38256D2DDD0005E7A1 /* APIService.swift */,
				8576BF1D256FCDA3001AFB2A /* UserService.swift */,
			);
			path = Services;
			sourceTree = "<group>";
		};
		2FEFF07C25146A9900AB7DD8 /* Extensions */ = {
			isa = PBXGroup;
			children = (
				8576BF2D256FD949001AFB2A /* Constant.swift */,
				2F5C96632371775800A248C1 /* CornerView.swift */,
				2FEFF07A25146A7C00AB7DD8 /* LabelTextSpacing.swift */,
				2F2071FE251488AD009B48FF /* ImageConvert.swift */,
				8576BF2A256FD7A2001AFB2A /* AlertUtil.swift */,
				85D1FB3E256D319F0005E7A1 /* UICollectionView+Extension.swift */,
				85316BF425731E9800694B80 /* UITextField+Extension.swift */,
			);
			path = Extensions;
			sourceTree = "<group>";
		};
		2FEFF07D25146ABE00AB7DD8 /* ViewControllers */ = {
			isa = PBXGroup;
			children = (
				2FF6730025124F350043BABC /* AddViewController.swift */,
			);
			path = ViewControllers;
			sourceTree = "<group>";
		};
		2FEFF07F25146ADB00AB7DD8 /* CustomCell */ = {
			isa = PBXGroup;
			children = (
			);
			name = CustomCell;
			path = AcrosticPoem_ios/CustomCell;
			sourceTree = SOURCE_ROOT;
		};
		2FEFF08025146C9C00AB7DD8 /* Delegates */ = {
			isa = PBXGroup;
			children = (
				2F5C964F23714CA500A248C1 /* AppDelegate.swift */,
				2F5C965123714CA500A248C1 /* SceneDelegate.swift */,
			);
			path = Delegates;
			sourceTree = "<group>";
		};
		5195FC6FD03FBDFF0296B64F /* Pods */ = {
			isa = PBXGroup;
			children = (
				C6AAD7468D29BB4951E9952B /* Pods-AcrosticPoem_ios.debug.xcconfig */,
				253D7F72AECCB5A0DE6F16C0 /* Pods-AcrosticPoem_ios.release.xcconfig */,
			);
			path = Pods;
			sourceTree = "<group>";
		};
		852ED1B025715B4200697512 /* ViewModel */ = {
			isa = PBXGroup;
			children = (
				85D1FB41256D49960005E7A1 /* PoemViewModel.swift */,
				8576BF24256FD060001AFB2A /* SplashViewModel.swift */,
				85316BF025728E6800694B80 /* PoemAddViewModel.swift */,
			);
			path = ViewModel;
			sourceTree = "<group>";
		};
		852ED1B225715B4F00697512 /* View */ = {
			isa = PBXGroup;
			children = (
				8576BF3225712D9C001AFB2A /* PoemCell.swift */,
				85D1FB3B256D30540005E7A1 /* PoemView.swift */,
				8576BF27256FD3B5001AFB2A /* SplashView.swift */,
				85316BED2572839600694B80 /* PoemAddView.swift */,
			);
			path = View;
			sourceTree = "<group>";
		};
		852ED1B425715B8E00697512 /* Model */ = {
			isa = PBXGroup;
			children = (
				85D1FB2F25654A9A0005E7A1 /* PoemModel.swift */,
				852ED1B825715CC300697512 /* PoemActionModel.swift */,
			);
			path = Model;
			sourceTree = "<group>";
		};
		C2D1468C1650BA55448DB746 /* Frameworks */ = {
			isa = PBXGroup;
			children = (
				15E9C15D80C3F95C3EDB1D6B /* Pods_AcrosticPoem_ios.framework */,
			);
			name = Frameworks;
			sourceTree = "<group>";
		};
/* End PBXGroup section */

/* Begin PBXNativeTarget section */
		2F5C964B23714CA500A248C1 /* AcrosticPoem_ios */ = {
			isa = PBXNativeTarget;
			buildConfigurationList = 2F5C966023714CAA00A248C1 /* Build configuration list for PBXNativeTarget "AcrosticPoem_ios" */;
			buildPhases = (
				122ABF39C56F33A3FEC9C454 /* [CP] Check Pods Manifest.lock */,
				2F5C964823714CA500A248C1 /* Sources */,
				2F5C964923714CA500A248C1 /* Frameworks */,
				2F5C964A23714CA500A248C1 /* Resources */,
				F1C96DC0769E4156332DFE8B /* [CP] Embed Pods Frameworks */,
			);
			buildRules = (
			);
			dependencies = (
			);
			name = AcrosticPoem_ios;
			productName = AcrosticPoem_ios;
			productReference = 2F5C964C23714CA500A248C1 /* AcrosticPoem_ios.app */;
			productType = "com.apple.product-type.application";
		};
/* End PBXNativeTarget section */

/* Begin PBXProject section */
		2F5C964423714CA500A248C1 /* Project object */ = {
			isa = PBXProject;
			attributes = {
				LastSwiftUpdateCheck = 1100;
				LastUpgradeCheck = 1100;
				ORGANIZATIONNAME = Minestrone;
				TargetAttributes = {
					2F5C964B23714CA500A248C1 = {
						CreatedOnToolsVersion = 11.0;
					};
				};
			};
			buildConfigurationList = 2F5C964723714CA500A248C1 /* Build configuration list for PBXProject "AcrosticPoem_ios" */;
			compatibilityVersion = "Xcode 9.3";
			developmentRegion = en;
			hasScannedForEncodings = 0;
			knownRegions = (
				en,
				Base,
				ko,
			);
			mainGroup = 2F5C964323714CA500A248C1;
			productRefGroup = 2F5C964D23714CA500A248C1 /* Products */;
			projectDirPath = "";
			projectRoot = "";
			targets = (
				2F5C964B23714CA500A248C1 /* AcrosticPoem_ios */,
			);
		};
/* End PBXProject section */

/* Begin PBXResourcesBuildPhase section */
		2F5C964A23714CA500A248C1 /* Resources */ = {
			isa = PBXResourcesBuildPhase;
			buildActionMask = 2147483647;
			files = (
				2FEC810A239F724D006F110A /* sm.ttf in Resources */,
				2FEC811B23A07808006F110A /* InfoPlist.strings in Resources */,
				2F5C965C23714CAA00A248C1 /* LaunchScreen.storyboard in Resources */,
				2F5C965923714CAA00A248C1 /* Assets.xcassets in Resources */,
				2FEC8109239F724D006F110A /* gungseo.ttf in Resources */,
			);
			runOnlyForDeploymentPostprocessing = 0;
		};
/* End PBXResourcesBuildPhase section */

/* Begin PBXShellScriptBuildPhase section */
		122ABF39C56F33A3FEC9C454 /* [CP] Check Pods Manifest.lock */ = {
			isa = PBXShellScriptBuildPhase;
			buildActionMask = 2147483647;
			files = (
			);
			inputFileListPaths = (
			);
			inputPaths = (
				"${PODS_PODFILE_DIR_PATH}/Podfile.lock",
				"${PODS_ROOT}/Manifest.lock",
			);
			name = "[CP] Check Pods Manifest.lock";
			outputFileListPaths = (
			);
			outputPaths = (
				"$(DERIVED_FILE_DIR)/Pods-AcrosticPoem_ios-checkManifestLockResult.txt",
			);
			runOnlyForDeploymentPostprocessing = 0;
			shellPath = /bin/sh;
			shellScript = "diff \"${PODS_PODFILE_DIR_PATH}/Podfile.lock\" \"${PODS_ROOT}/Manifest.lock\" > /dev/null\nif [ $? != 0 ] ; then\n    # print error to STDERR\n    echo \"error: The sandbox is not in sync with the Podfile.lock. Run 'pod install' or update your CocoaPods installation.\" >&2\n    exit 1\nfi\n# This output is used by Xcode 'outputs' to avoid re-running this script phase.\necho \"SUCCESS\" > \"${SCRIPT_OUTPUT_FILE_0}\"\n";
			showEnvVarsInLog = 0;
		};
		F1C96DC0769E4156332DFE8B /* [CP] Embed Pods Frameworks */ = {
			isa = PBXShellScriptBuildPhase;
			buildActionMask = 2147483647;
			files = (
			);
			inputFileListPaths = (
				"${PODS_ROOT}/Target Support Files/Pods-AcrosticPoem_ios/Pods-AcrosticPoem_ios-frameworks-${CONFIGURATION}-input-files.xcfilelist",
			);
			name = "[CP] Embed Pods Frameworks";
			outputFileListPaths = (
				"${PODS_ROOT}/Target Support Files/Pods-AcrosticPoem_ios/Pods-AcrosticPoem_ios-frameworks-${CONFIGURATION}-output-files.xcfilelist",
			);
			runOnlyForDeploymentPostprocessing = 0;
			shellPath = /bin/sh;
			shellScript = "\"${PODS_ROOT}/Target Support Files/Pods-AcrosticPoem_ios/Pods-AcrosticPoem_ios-frameworks.sh\"\n";
			showEnvVarsInLog = 0;
		};
/* End PBXShellScriptBuildPhase section */

/* Begin PBXSourcesBuildPhase section */
		2F5C964823714CA500A248C1 /* Sources */ = {
			isa = PBXSourcesBuildPhase;
			buildActionMask = 2147483647;
			files = (
				8576BF2B256FD7A2001AFB2A /* AlertUtil.swift in Sources */,
				85D1FB2D256549FF0005E7A1 /* API.swift in Sources */,
				85D1FB39256D2DDD0005E7A1 /* APIService.swift in Sources */,
				2F2071FF251488AD009B48FF /* ImageConvert.swift in Sources */,
				2FEFF07B25146A7C00AB7DD8 /* LabelTextSpacing.swift in Sources */,
				85D1FB3C256D30540005E7A1 /* PoemView.swift in Sources */,
				2F5C965023714CA500A248C1 /* AppDelegate.swift in Sources */,
				85D1FB42256D49960005E7A1 /* PoemViewModel.swift in Sources */,
				2FB0D5DA250E5F4F0087D8AE /* NetworkService.swift in Sources */,
				8576BF2E256FD949001AFB2A /* Constant.swift in Sources */,
				2F5C965223714CA500A248C1 /* SceneDelegate.swift in Sources */,
				2F5C96642371775800A248C1 /* CornerView.swift in Sources */,
				852ED1B925715CC300697512 /* PoemActionModel.swift in Sources */,
				85D1FB3025654A9A0005E7A1 /* PoemModel.swift in Sources */,
				8576BF1E256FCDA3001AFB2A /* UserService.swift in Sources */,
				85D1FB36256D2DAC0005E7A1 /* PoemService.swift in Sources */,
				8576BF25256FD060001AFB2A /* SplashViewModel.swift in Sources */,
				8576BF3325712D9C001AFB2A /* PoemCell.swift in Sources */,
				85316BEE2572839600694B80 /* PoemAddView.swift in Sources */,
				2FF6730125124F350043BABC /* AddViewController.swift in Sources */,
				85D1FB3F256D319F0005E7A1 /* UICollectionView+Extension.swift in Sources */,
				85316BF525731E9800694B80 /* UITextField+Extension.swift in Sources */,
				8576BF28256FD3B5001AFB2A /* SplashView.swift in Sources */,
				85316BF125728E6800694B80 /* PoemAddViewModel.swift in Sources */,
			);
			runOnlyForDeploymentPostprocessing = 0;
		};
/* End PBXSourcesBuildPhase section */

/* Begin PBXVariantGroup section */
		2F5C965A23714CAA00A248C1 /* LaunchScreen.storyboard */ = {
			isa = PBXVariantGroup;
			children = (
				2F5C965B23714CAA00A248C1 /* Base */,
				2F828D462394F2FF007E743E /* ko */,
			);
			name = LaunchScreen.storyboard;
			sourceTree = "<group>";
		};
/* End PBXVariantGroup section */

/* Begin XCBuildConfiguration section */
		2F5C965E23714CAA00A248C1 /* Debug */ = {
			isa = XCBuildConfiguration;
			buildSettings = {
				ALWAYS_SEARCH_USER_PATHS = NO;
				CLANG_ANALYZER_LOCALIZABILITY_NONLOCALIZED = YES;
				CLANG_ANALYZER_NONNULL = YES;
				CLANG_ANALYZER_NUMBER_OBJECT_CONVERSION = YES_AGGRESSIVE;
				CLANG_CXX_LANGUAGE_STANDARD = "gnu++14";
				CLANG_CXX_LIBRARY = "libc++";
				CLANG_ENABLE_MODULES = YES;
				CLANG_ENABLE_OBJC_ARC = YES;
				CLANG_ENABLE_OBJC_WEAK = YES;
				CLANG_WARN_BLOCK_CAPTURE_AUTORELEASING = YES;
				CLANG_WARN_BOOL_CONVERSION = YES;
				CLANG_WARN_COMMA = YES;
				CLANG_WARN_CONSTANT_CONVERSION = YES;
				CLANG_WARN_DEPRECATED_OBJC_IMPLEMENTATIONS = YES;
				CLANG_WARN_DIRECT_OBJC_ISA_USAGE = YES_ERROR;
				CLANG_WARN_DOCUMENTATION_COMMENTS = YES;
				CLANG_WARN_EMPTY_BODY = YES;
				CLANG_WARN_ENUM_CONVERSION = YES;
				CLANG_WARN_INFINITE_RECURSION = YES;
				CLANG_WARN_INT_CONVERSION = YES;
				CLANG_WARN_NON_LITERAL_NULL_CONVERSION = YES;
				CLANG_WARN_OBJC_IMPLICIT_RETAIN_SELF = YES;
				CLANG_WARN_OBJC_LITERAL_CONVERSION = YES;
				CLANG_WARN_OBJC_ROOT_CLASS = YES_ERROR;
				CLANG_WARN_RANGE_LOOP_ANALYSIS = YES;
				CLANG_WARN_STRICT_PROTOTYPES = YES;
				CLANG_WARN_SUSPICIOUS_MOVE = YES;
				CLANG_WARN_UNGUARDED_AVAILABILITY = YES_AGGRESSIVE;
				CLANG_WARN_UNREACHABLE_CODE = YES;
				CLANG_WARN__DUPLICATE_METHOD_MATCH = YES;
				COPY_PHASE_STRIP = NO;
				DEBUG_INFORMATION_FORMAT = dwarf;
				ENABLE_STRICT_OBJC_MSGSEND = YES;
				ENABLE_TESTABILITY = YES;
				GCC_C_LANGUAGE_STANDARD = gnu11;
				GCC_DYNAMIC_NO_PIC = NO;
				GCC_NO_COMMON_BLOCKS = YES;
				GCC_OPTIMIZATION_LEVEL = 0;
				GCC_PREPROCESSOR_DEFINITIONS = (
					"DEBUG=1",
					"$(inherited)",
				);
				GCC_WARN_64_TO_32_BIT_CONVERSION = YES;
				GCC_WARN_ABOUT_RETURN_TYPE = YES_ERROR;
				GCC_WARN_UNDECLARED_SELECTOR = YES;
				GCC_WARN_UNINITIALIZED_AUTOS = YES_AGGRESSIVE;
				GCC_WARN_UNUSED_FUNCTION = YES;
				GCC_WARN_UNUSED_VARIABLE = YES;
				IPHONEOS_DEPLOYMENT_TARGET = 14.0;
				MTL_ENABLE_DEBUG_INFO = INCLUDE_SOURCE;
				MTL_FAST_MATH = YES;
				ONLY_ACTIVE_ARCH = YES;
				SDKROOT = iphoneos;
				SWIFT_ACTIVE_COMPILATION_CONDITIONS = DEBUG;
				SWIFT_OPTIMIZATION_LEVEL = "-Onone";
			};
			name = Debug;
		};
		2F5C965F23714CAA00A248C1 /* Release */ = {
			isa = XCBuildConfiguration;
			buildSettings = {
				ALWAYS_SEARCH_USER_PATHS = NO;
				CLANG_ANALYZER_LOCALIZABILITY_NONLOCALIZED = YES;
				CLANG_ANALYZER_NONNULL = YES;
				CLANG_ANALYZER_NUMBER_OBJECT_CONVERSION = YES_AGGRESSIVE;
				CLANG_CXX_LANGUAGE_STANDARD = "gnu++14";
				CLANG_CXX_LIBRARY = "libc++";
				CLANG_ENABLE_MODULES = YES;
				CLANG_ENABLE_OBJC_ARC = YES;
				CLANG_ENABLE_OBJC_WEAK = YES;
				CLANG_WARN_BLOCK_CAPTURE_AUTORELEASING = YES;
				CLANG_WARN_BOOL_CONVERSION = YES;
				CLANG_WARN_COMMA = YES;
				CLANG_WARN_CONSTANT_CONVERSION = YES;
				CLANG_WARN_DEPRECATED_OBJC_IMPLEMENTATIONS = YES;
				CLANG_WARN_DIRECT_OBJC_ISA_USAGE = YES_ERROR;
				CLANG_WARN_DOCUMENTATION_COMMENTS = YES;
				CLANG_WARN_EMPTY_BODY = YES;
				CLANG_WARN_ENUM_CONVERSION = YES;
				CLANG_WARN_INFINITE_RECURSION = YES;
				CLANG_WARN_INT_CONVERSION = YES;
				CLANG_WARN_NON_LITERAL_NULL_CONVERSION = YES;
				CLANG_WARN_OBJC_IMPLICIT_RETAIN_SELF = YES;
				CLANG_WARN_OBJC_LITERAL_CONVERSION = YES;
				CLANG_WARN_OBJC_ROOT_CLASS = YES_ERROR;
				CLANG_WARN_RANGE_LOOP_ANALYSIS = YES;
				CLANG_WARN_STRICT_PROTOTYPES = YES;
				CLANG_WARN_SUSPICIOUS_MOVE = YES;
				CLANG_WARN_UNGUARDED_AVAILABILITY = YES_AGGRESSIVE;
				CLANG_WARN_UNREACHABLE_CODE = YES;
				CLANG_WARN__DUPLICATE_METHOD_MATCH = YES;
				COPY_PHASE_STRIP = NO;
				DEBUG_INFORMATION_FORMAT = "dwarf-with-dsym";
				ENABLE_NS_ASSERTIONS = NO;
				ENABLE_STRICT_OBJC_MSGSEND = YES;
				GCC_C_LANGUAGE_STANDARD = gnu11;
				GCC_NO_COMMON_BLOCKS = YES;
				GCC_WARN_64_TO_32_BIT_CONVERSION = YES;
				GCC_WARN_ABOUT_RETURN_TYPE = YES_ERROR;
				GCC_WARN_UNDECLARED_SELECTOR = YES;
				GCC_WARN_UNINITIALIZED_AUTOS = YES_AGGRESSIVE;
				GCC_WARN_UNUSED_FUNCTION = YES;
				GCC_WARN_UNUSED_VARIABLE = YES;
				IPHONEOS_DEPLOYMENT_TARGET = 14.0;
				MTL_ENABLE_DEBUG_INFO = NO;
				MTL_FAST_MATH = YES;
				ONLY_ACTIVE_ARCH = YES;
				SDKROOT = iphoneos;
				SWIFT_COMPILATION_MODE = wholemodule;
				SWIFT_OPTIMIZATION_LEVEL = "-O";
				VALIDATE_PRODUCT = YES;
			};
			name = Release;
		};
		2F5C966123714CAA00A248C1 /* Debug */ = {
			isa = XCBuildConfiguration;
			baseConfigurationReference = C6AAD7468D29BB4951E9952B /* Pods-AcrosticPoem_ios.debug.xcconfig */;
			buildSettings = {
				ASSETCATALOG_COMPILER_APPICON_NAME = AppIcon;
				CODE_SIGN_IDENTITY = "Apple Development";
				CODE_SIGN_STYLE = Automatic;
				DEVELOPMENT_TEAM = BZSC89933R;
				FRAMEWORK_SEARCH_PATHS = (
					"$(inherited)",
					"$(PROJECT_DIR)",
				);
				INFOPLIST_FILE = AcrosticPoem_ios/Info.plist;
				LD_RUNPATH_SEARCH_PATHS = (
					"$(inherited)",
					"@executable_path/Frameworks",
				);
				MARKETING_VERSION = 2.4;
				PRODUCT_BUNDLE_IDENTIFIER = "minestrone.AcrosticPoem-ios";
				PRODUCT_NAME = "$(TARGET_NAME)";
				PROVISIONING_PROFILE_SPECIFIER = "";
				SWIFT_OBJC_BRIDGING_HEADER = "";
				SWIFT_VERSION = 5.0;
				TARGETED_DEVICE_FAMILY = 1;
			};
			name = Debug;
		};
		2F5C966223714CAA00A248C1 /* Release */ = {
			isa = XCBuildConfiguration;
			baseConfigurationReference = 253D7F72AECCB5A0DE6F16C0 /* Pods-AcrosticPoem_ios.release.xcconfig */;
			buildSettings = {
				ASSETCATALOG_COMPILER_APPICON_NAME = AppIcon;
				CODE_SIGN_IDENTITY = "Apple Development";
				CODE_SIGN_STYLE = Automatic;
				DEVELOPMENT_TEAM = BZSC89933R;
				FRAMEWORK_SEARCH_PATHS = (
					"$(inherited)",
					"$(PROJECT_DIR)",
				);
				INFOPLIST_FILE = AcrosticPoem_ios/Info.plist;
				LD_RUNPATH_SEARCH_PATHS = (
					"$(inherited)",
					"@executable_path/Frameworks",
				);
				MARKETING_VERSION = 2.4;
				PRODUCT_BUNDLE_IDENTIFIER = "minestrone.AcrosticPoem-ios";
				PRODUCT_NAME = "$(TARGET_NAME)";
				PROVISIONING_PROFILE_SPECIFIER = "";
				SWIFT_OBJC_BRIDGING_HEADER = "";
				SWIFT_VERSION = 5.0;
				TARGETED_DEVICE_FAMILY = 1;
			};
			name = Release;
		};
/* End XCBuildConfiguration section */

/* Begin XCConfigurationList section */
		2F5C964723714CA500A248C1 /* Build configuration list for PBXProject "AcrosticPoem_ios" */ = {
			isa = XCConfigurationList;
			buildConfigurations = (
				2F5C965E23714CAA00A248C1 /* Debug */,
				2F5C965F23714CAA00A248C1 /* Release */,
			);
			defaultConfigurationIsVisible = 0;
			defaultConfigurationName = Release;
		};
		2F5C966023714CAA00A248C1 /* Build configuration list for PBXNativeTarget "AcrosticPoem_ios" */ = {
			isa = XCConfigurationList;
			buildConfigurations = (
				2F5C966123714CAA00A248C1 /* Debug */,
				2F5C966223714CAA00A248C1 /* Release */,
			);
			defaultConfigurationIsVisible = 0;
			defaultConfigurationName = Release;
		};
/* End XCConfigurationList section */
	};
	rootObject = 2F5C964423714CA500A248C1 /* Project object */;
}
